<?xml version="1.0" encoding="utf-8"?>
<Project ToolsVersion="4.0" xmlns="http://schemas.microsoft.com/developer/msbuild/2003">
  <ItemGroup>
    <Filter Include="main">
      <UniqueIdentifier>{cdd09b1c-8572-4ca1-8982-280ae78895ad}</UniqueIdentifier>
    </Filter>
    <Filter Include="TodoApp">
      <UniqueIdentifier>{7e4c7e6f-2eff-4630-ab6c-a55c6cb09266}</UniqueIdentifier>
    </Filter>
  </ItemGroup>
  <ItemGroup>
    <ClCompile Include="main.cpp">
      <Filter>main</Filter>
    </ClCompile>
    <ClCompile Include="TodoApp.cpp">
      <Filter>TodoApp</Filter>
    </ClCompile>
  </ItemGroup>
  <ItemGroup>
    <ClInclude Include="TodoApp.h">
      <Filter>TodoApp</Filter>
    </ClInclude>
  </ItemGroup>
</Project>